
Microsoft Visual Studio Solution File, Format Version 12.00
# Visual Studio Version 17
VisualStudioVersion = 17.10.35013.160
MinimumVisualStudioVersion = 10.0.40219.1
Project("{FAE04EC0-301F-11D3-BF4B-00C04F79EFBC}") = "firstCoreAttemp", "firstCoreAttemp\firstCoreAttemp.csproj", "{7E563771-F0EF-494D-8471-6DBF19BC8E47}"
EndProject
Global
	GlobalSection(SolutionConfigurationPlatforms) = preSolution
		Debug|Any CPU = Debug|Any CPU
		Release|Any CPU = Release|Any CPU
	EndGlobalSection
	GlobalSection(ProjectConfigurationPlatforms) = postSolution
		{7E563771-F0EF-494D-8471-6DBF19BC8E47}.Debug|Any CPU.ActiveCfg = Debug|Any CPU
		{7E563771-F0EF-494D-8471-6DBF19BC8E47}.Debug|Any CPU.Build.0 = Debug|Any CPU
		{7E563771-F0EF-494D-8471-6DBF19BC8E47}.Release|Any CPU.ActiveCfg = Release|Any CPU
		{7E563771-F0EF-494D-8471-6DBF19BC8E47}.Release|Any CPU.Build.0 = Release|Any CPU
	EndGlobalSection
	GlobalSection(SolutionProperties) = preSolution
		HideSolutionNode = FALSE
	EndGlobalSection
	GlobalSection(ExtensibilityGlobals) = postSolution
		SolutionGuid = {F06F6181-31AD-42F8-B696-FBEE6EC15C12}
	EndGlobalSection
EndGlobal
